
Microsoft Visual Studio Solution File, Format Version 12.00
Project("{FAE04EC0-301F-11D3-BF4B-00C04F79EFBC}") = "QualityInspection", "QualityInspection.csproj", "{3D6E3267-954F-4900-8E41-3074BB101D03}"
EndProject
Global
	GlobalSection(SolutionConfigurationPlatforms) = preSolution
		Debug|Any CPU = Debug|Any CPU
		Release|Any CPU = Release|Any CPU
	EndGlobalSection
	GlobalSection(ProjectConfigurationPlatforms) = postSolution
		{3D6E3267-954F-4900-8E41-3074BB101D03}.Debug|Any CPU.ActiveCfg = Debug|Any CPU
		{3D6E3267-954F-4900-8E41-3074BB101D03}.Debug|Any CPU.Build.0 = Debug|Any CPU
		{3D6E3267-954F-4900-8E41-3074BB101D03}.Release|Any CPU.ActiveCfg = Release|Any CPU
		{3D6E3267-954F-4900-8E41-3074BB101D03}.Release|Any CPU.Build.0 = Release|Any CPU
	EndGlobalSection
EndGlobal
